// !$*UTF8*$!
{
	archiveVersion = 1;
	classes = {
	};
	objectVersion = 50;
	objects = {

/* Begin PBXBuildFile section */
		A717E1E121B93D7A00B16915 /* AppDelegate.swift in Sources */ = {isa = PBXBuildFile; fileRef = A717E1E021B93D7A00B16915 /* AppDelegate.swift */; };
		A717E1E321B93D7A00B16915 /* ToDoListViewController.swift in Sources */ = {isa = PBXBuildFile; fileRef = A717E1E221B93D7A00B16915 /* ToDoListViewController.swift */; };
		A717E1E621B93D7A00B16915 /* Main.storyboard in Resources */ = {isa = PBXBuildFile; fileRef = A717E1E421B93D7A00B16915 /* Main.storyboard */; };
		A717E1E821B93D7F00B16915 /* Assets.xcassets in Resources */ = {isa = PBXBuildFile; fileRef = A717E1E721B93D7F00B16915 /* Assets.xcassets */; };
		A717E1EB21B93D7F00B16915 /* LaunchScreen.storyboard in Resources */ = {isa = PBXBuildFile; fileRef = A717E1E921B93D7F00B16915 /* LaunchScreen.storyboard */; };
		A71D0A8321C2A9B3002AF2A3 /* Item.swift in Sources */ = {isa = PBXBuildFile; fileRef = A71D0A8221C2A9B3002AF2A3 /* Item.swift */; };
		A71D0A8521C2A9DB002AF2A3 /* Category.swift in Sources */ = {isa = PBXBuildFile; fileRef = A71D0A8421C2A9DB002AF2A3 /* Category.swift */; };
		A7EBE83221BE9B85005AD12D /* CategoryViewController.swift in Sources */ = {isa = PBXBuildFile; fileRef = A7EBE83121BE9B85005AD12D /* CategoryViewController.swift */; };
		DA5A76D0F1B3B57B2361C7CE /* Pods_Todoey.framework in Frameworks */ = {isa = PBXBuildFile; fileRef = B6CE299098FA2C85270E4525 /* Pods_Todoey.framework */; };
/* End PBXBuildFile section */

/* Begin PBXFileReference section */
		2505CCCDB5C8D45A112CC92C /* Pods-Todoey.debug.xcconfig */ = {isa = PBXFileReference; includeInIndex = 1; lastKnownFileType = text.xcconfig; name = "Pods-Todoey.debug.xcconfig"; path = "Pods/Target Support Files/Pods-Todoey/Pods-Todoey.debug.xcconfig"; sourceTree = "<group>"; };
		59E81948633A102B3FD66C63 /* Pods-Todoey.release.xcconfig */ = {isa = PBXFileReference; includeInIndex = 1; lastKnownFileType = text.xcconfig; name = "Pods-Todoey.release.xcconfig"; path = "Pods/Target Support Files/Pods-Todoey/Pods-Todoey.release.xcconfig"; sourceTree = "<group>"; };
		A717E1DD21B93D7A00B16915 /* Todoey.app */ = {isa = PBXFileReference; explicitFileType = wrapper.application; includeInIndex = 0; path = Todoey.app; sourceTree = BUILT_PRODUCTS_DIR; };
		A717E1E021B93D7A00B16915 /* AppDelegate.swift */ = {isa = PBXFileReference; lastKnownFileType = sourcecode.swift; path = AppDelegate.swift; sourceTree = "<group>"; };
		A717E1E221B93D7A00B16915 /* ToDoListViewController.swift */ = {isa = PBXFileReference; lastKnownFileType = sourcecode.swift; path = ToDoListViewController.swift; sourceTree = "<group>"; };
		A717E1E521B93D7A00B16915 /* Base */ = {isa = PBXFileReference; lastKnownFileType = file.storyboard; name = Base; path = Base.lproj/Main.storyboard; sourceTree = "<group>"; };
		A717E1E721B93D7F00B16915 /* Assets.xcassets */ = {isa = PBXFileReference; lastKnownFileType = folder.assetcatalog; path = Assets.xcassets; sourceTree = "<group>"; };
		A717E1EA21B93D7F00B16915 /* Base */ = {isa = PBXFileReference; lastKnownFileType = file.storyboard; name = Base; path = Base.lproj/LaunchScreen.storyboard; sourceTree = "<group>"; };
		A717E1EC21B93D7F00B16915 /* Info.plist */ = {isa = PBXFileReference; lastKnownFileType = text.plist.xml; path = Info.plist; sourceTree = "<group>"; };
		A71D0A8221C2A9B3002AF2A3 /* Item.swift */ = {isa = PBXFileReference; lastKnownFileType = sourcecode.swift; path = Item.swift; sourceTree = "<group>"; };
		A71D0A8421C2A9DB002AF2A3 /* Category.swift */ = {isa = PBXFileReference; lastKnownFileType = sourcecode.swift; path = Category.swift; sourceTree = "<group>"; };
		A7EBE83121BE9B85005AD12D /* CategoryViewController.swift */ = {isa = PBXFileReference; lastKnownFileType = sourcecode.swift; path = CategoryViewController.swift; sourceTree = "<group>"; };
		B6CE299098FA2C85270E4525 /* Pods_Todoey.framework */ = {isa = PBXFileReference; explicitFileType = wrapper.framework; includeInIndex = 0; path = Pods_Todoey.framework; sourceTree = BUILT_PRODUCTS_DIR; };
/* End PBXFileReference section */

/* Begin PBXFrameworksBuildPhase section */
		A717E1DA21B93D7A00B16915 /* Frameworks */ = {
			isa = PBXFrameworksBuildPhase;
			buildActionMask = 2147483647;
			files = (
				DA5A76D0F1B3B57B2361C7CE /* Pods_Todoey.framework in Frameworks */,
			);
			runOnlyForDeploymentPostprocessing = 0;
		};
/* End PBXFrameworksBuildPhase section */

/* Begin PBXGroup section */
		34AC74C932C44E0B968AB984 /* Pods */ = {
			isa = PBXGroup;
			children = (
				2505CCCDB5C8D45A112CC92C /* Pods-Todoey.debug.xcconfig */,
				59E81948633A102B3FD66C63 /* Pods-Todoey.release.xcconfig */,
			);
			name = Pods;
			sourceTree = "<group>";
		};
		4ADE76564B64CBA3A18B61C5 /* Frameworks */ = {
			isa = PBXGroup;
			children = (
				B6CE299098FA2C85270E4525 /* Pods_Todoey.framework */,
			);
			name = Frameworks;
			sourceTree = "<group>";
		};
		A717E1D421B93D7A00B16915 = {
			isa = PBXGroup;
			children = (
				A717E1DF21B93D7A00B16915 /* Todoey */,
				A717E1DE21B93D7A00B16915 /* Products */,
				34AC74C932C44E0B968AB984 /* Pods */,
				4ADE76564B64CBA3A18B61C5 /* Frameworks */,
			);
			sourceTree = "<group>";
		};
		A717E1DE21B93D7A00B16915 /* Products */ = {
			isa = PBXGroup;
			children = (
				A717E1DD21B93D7A00B16915 /* Todoey.app */,
			);
			name = Products;
			sourceTree = "<group>";
		};
		A717E1DF21B93D7A00B16915 /* Todoey */ = {
			isa = PBXGroup;
			children = (
				A717E1E021B93D7A00B16915 /* AppDelegate.swift */,
				A71BF00721BAAF0000B63D09 /* Controllers */,
				A71BF00621BAAEDC00B63D09 /* Data Model */,
				A71BF00821BAAF4500B63D09 /* Views */,
				A71BF00921BAAF6C00B63D09 /* Supporting Files */,
				A717E1EC21B93D7F00B16915 /* Info.plist */,
			);
			path = Todoey;
			sourceTree = "<group>";
		};
		A71BF00621BAAEDC00B63D09 /* Data Model */ = {
			isa = PBXGroup;
			children = (
				A71D0A8421C2A9DB002AF2A3 /* Category.swift */,
				A71D0A8221C2A9B3002AF2A3 /* Item.swift */,
			);
			path = "Data Model";
			sourceTree = "<group>";
		};
		A71BF00721BAAF0000B63D09 /* Controllers */ = {
			isa = PBXGroup;
			children = (
				A7EBE83121BE9B85005AD12D /* CategoryViewController.swift */,
				A717E1E221B93D7A00B16915 /* ToDoListViewController.swift */,
			);
			path = Controllers;
			sourceTree = "<group>";
		};
		A71BF00821BAAF4500B63D09 /* Views */ = {
			isa = PBXGroup;
			children = (
				A717E1E421B93D7A00B16915 /* Main.storyboard */,
			);
			path = Views;
			sourceTree = "<group>";
		};
		A71BF00921BAAF6C00B63D09 /* Supporting Files */ = {
			isa = PBXGroup;
			children = (
				A717E1E721B93D7F00B16915 /* Assets.xcassets */,
				A717E1E921B93D7F00B16915 /* LaunchScreen.storyboard */,
			);
			path = "Supporting Files";
			sourceTree = "<group>";
		};
/* End PBXGroup section */

/* Begin PBXNativeTarget section */
		A717E1DC21B93D7A00B16915 /* Todoey */ = {
			isa = PBXNativeTarget;
			buildConfigurationList = A717E1EF21B93D7F00B16915 /* Build configuration list for PBXNativeTarget "Todoey" */;
			buildPhases = (
				E8B87414A94D10E88A1E62FA /* [CP] Check Pods Manifest.lock */,
				A717E1D921B93D7A00B16915 /* Sources */,
				A717E1DA21B93D7A00B16915 /* Frameworks */,
				A717E1DB21B93D7A00B16915 /* Resources */,
				D42A2B5A30E48CD345277453 /* [CP] Embed Pods Frameworks */,
			);
			buildRules = (
			);
			dependencies = (
			);
			name = Todoey;
			productName = Todoey;
			productReference = A717E1DD21B93D7A00B16915 /* Todoey.app */;
			productType = "com.apple.product-type.application";
		};
/* End PBXNativeTarget section */

/* Begin PBXProject section */
		A717E1D521B93D7A00B16915 /* Project object */ = {
			isa = PBXProject;
			attributes = {
				LastSwiftUpdateCheck = 1000;
				LastUpgradeCheck = 1000;
				ORGANIZATIONNAME = "Peter Oriola";
				TargetAttributes = {
					A717E1DC21B93D7A00B16915 = {
						CreatedOnToolsVersion = 10.0;
					};
				};
			};
			buildConfigurationList = A717E1D821B93D7A00B16915 /* Build configuration list for PBXProject "Todoey" */;
			compatibilityVersion = "Xcode 9.3";
			developmentRegion = en;
			hasScannedForEncodings = 0;
			knownRegions = (
				en,
				Base,
			);
			mainGroup = A717E1D421B93D7A00B16915;
			productRefGroup = A717E1DE21B93D7A00B16915 /* Products */;
			projectDirPath = "";
			projectRoot = "";
			targets = (
				A717E1DC21B93D7A00B16915 /* Todoey */,
			);
		};
/* End PBXProject section */

/* Begin PBXResourcesBuildPhase section */
		A717E1DB21B93D7A00B16915 /* Resources */ = {
			isa = PBXResourcesBuildPhase;
			buildActionMask = 2147483647;
			files = (
				A717E1EB21B93D7F00B16915 /* LaunchScreen.storyboard in Resources */,
				A717E1E821B93D7F00B16915 /* Assets.xcassets in Resources */,
				A717E1E621B93D7A00B16915 /* Main.storyboard in Resources */,
			);
			runOnlyForDeploymentPostprocessing = 0;
		};
/* End PBXResourcesBuildPhase section */

/* Begin PBXShellScriptBuildPhase section */
		D42A2B5A30E48CD345277453 /* [CP] Embed Pods Frameworks */ = {
			isa = PBXShellScriptBuildPhase;
			buildActionMask = 2147483647;
			files = (
			);
			inputFileListPaths = (
			);
			inputPaths = (
				"${SRCROOT}/Pods/Target Support Files/Pods-Todoey/Pods-Todoey-frameworks.sh",
				"${BUILT_PRODUCTS_DIR}/Realm/Realm.framework",
				"${BUILT_PRODUCTS_DIR}/RealmSwift/RealmSwift.framework",
			);
			name = "[CP] Embed Pods Frameworks";
			outputFileListPaths = (
			);
			outputPaths = (
				"${TARGET_BUILD_DIR}/${FRAMEWORKS_FOLDER_PATH}/Realm.framework",
				"${TARGET_BUILD_DIR}/${FRAMEWORKS_FOLDER_PATH}/RealmSwift.framework",
			);
			runOnlyForDeploymentPostprocessing = 0;
			shellPath = /bin/sh;
			shellScript = "\"${SRCROOT}/Pods/Target Support Files/Pods-Todoey/Pods-Todoey-frameworks.sh\"\n";
			showEnvVarsInLog = 0;
		};
		E8B87414A94D10E88A1E62FA /* [CP] Check Pods Manifest.lock */ = {
			isa = PBXShellScriptBuildPhase;
			buildActionMask = 2147483647;
			files = (
			);
			inputFileListPaths = (
			);
			inputPaths = (
				"${PODS_PODFILE_DIR_PATH}/Podfile.lock",
				"${PODS_ROOT}/Manifest.lock",
			);
			name = "[CP] Check Pods Manifest.lock";
			outputFileListPaths = (
			);
			outputPaths = (
				"$(DERIVED_FILE_DIR)/Pods-Todoey-checkManifestLockResult.txt",
			);
			runOnlyForDeploymentPostprocessing = 0;
			shellPath = /bin/sh;
			shellScript = "diff \"${PODS_PODFILE_DIR_PATH}/Podfile.lock\" \"${PODS_ROOT}/Manifest.lock\" > /dev/null\nif [ $? != 0 ] ; then\n    # print error to STDERR\n    echo \"error: The sandbox is not in sync with the Podfile.lock. Run 'pod install' or update your CocoaPods installation.\" >&2\n    exit 1\nfi\n# This output is used by Xcode 'outputs' to avoid re-running this script phase.\necho \"SUCCESS\" > \"${SCRIPT_OUTPUT_FILE_0}\"\n";
			showEnvVarsInLog = 0;
		};
/* End PBXShellScriptBuildPhase section */

/* Begin PBXSourcesBuildPhase section */
		A717E1D921B93D7A00B16915 /* Sources */ = {
			isa = PBXSourcesBuildPhase;
			buildActionMask = 2147483647;
			files = (
				A71D0A8321C2A9B3002AF2A3 /* Item.swift in Sources */,
				A7EBE83221BE9B85005AD12D /* CategoryViewController.swift in Sources */,
				A717E1E321B93D7A00B16915 /* ToDoListViewController.swift in Sources */,
				A717E1E121B93D7A00B16915 /* AppDelegate.swift in Sources */,
				A71D0A8521C2A9DB002AF2A3 /* Category.swift in Sources */,
			);
			runOnlyForDeploymentPostprocessing = 0;
		};
/* End PBXSourcesBuildPhase section */

/* Begin PBXVariantGroup section */
		A717E1E421B93D7A00B16915 /* Main.storyboard */ = {
			isa = PBXVariantGroup;
			children = (
				A717E1E521B93D7A00B16915 /* Base */,
			);
			name = Main.storyboard;
			sourceTree = "<group>";
		};
		A717E1E921B93D7F00B16915 /* LaunchScreen.storyboard */ = {
			isa = PBXVariantGroup;
			children = (
				A717E1EA21B93D7F00B16915 /* Base */,
			);
			name = LaunchScreen.storyboard;
			sourceTree = "<group>";
		};
/* End PBXVariantGroup section */

/* Begin XCBuildConfiguration section */
		A717E1ED21B93D7F00B16915 /* Debug */ = {
			isa = XCBuildConfiguration;
			buildSettings = {
				ALWAYS_SEARCH_USER_PATHS = NO;
				CLANG_ANALYZER_NONNULL = YES;
				CLANG_ANALYZER_NUMBER_OBJECT_CONVERSION = YES_AGGRESSIVE;
				CLANG_CXX_LANGUAGE_STANDARD = "gnu++14";
				CLANG_CXX_LIBRARY = "libc++";
				CLANG_ENABLE_MODULES = YES;
				CLANG_ENABLE_OBJC_ARC = YES;
				CLANG_ENABLE_OBJC_WEAK = YES;
				CLANG_WARN_BLOCK_CAPTURE_AUTORELEASING = YES;
				CLANG_WARN_BOOL_CONVERSION = YES;
				CLANG_WARN_COMMA = YES;
				CLANG_WARN_CONSTANT_CONVERSION = YES;
				CLANG_WARN_DEPRECATED_OBJC_IMPLEMENTATIONS = YES;
				CLANG_WARN_DIRECT_OBJC_ISA_USAGE = YES_ERROR;
				CLANG_WARN_DOCUMENTATION_COMMENTS = YES;
				CLANG_WARN_EMPTY_BODY = YES;
				CLANG_WARN_ENUM_CONVERSION = YES;
				CLANG_WARN_INFINITE_RECURSION = YES;
				CLANG_WARN_INT_CONVERSION = YES;
				CLANG_WARN_NON_LITERAL_NULL_CONVERSION = YES;
				CLANG_WARN_OBJC_IMPLICIT_RETAIN_SELF = YES;
				CLANG_WARN_OBJC_LITERAL_CONVERSION = YES;
				CLANG_WARN_OBJC_ROOT_CLASS = YES_ERROR;
				CLANG_WARN_RANGE_LOOP_ANALYSIS = YES;
				CLANG_WARN_STRICT_PROTOTYPES = YES;
				CLANG_WARN_SUSPICIOUS_MOVE = YES;
				CLANG_WARN_UNGUARDED_AVAILABILITY = YES_AGGRESSIVE;
				CLANG_WARN_UNREACHABLE_CODE = YES;
				CLANG_WARN__DUPLICATE_METHOD_MATCH = YES;
				CODE_SIGN_IDENTITY = "iPhone Developer";
				COPY_PHASE_STRIP = NO;
				DEBUG_INFORMATION_FORMAT = dwarf;
				ENABLE_STRICT_OBJC_MSGSEND = YES;
				ENABLE_TESTABILITY = YES;
				GCC_C_LANGUAGE_STANDARD = gnu11;
				GCC_DYNAMIC_NO_PIC = NO;
				GCC_NO_COMMON_BLOCKS = YES;
				GCC_OPTIMIZATION_LEVEL = 0;
				GCC_PREPROCESSOR_DEFINITIONS = (
					"DEBUG=1",
					"$(inherited)",
				);
				GCC_WARN_64_TO_32_BIT_CONVERSION = YES;
				GCC_WARN_ABOUT_RETURN_TYPE = YES_ERROR;
				GCC_WARN_UNDECLARED_SELECTOR = YES;
				GCC_WARN_UNINITIALIZED_AUTOS = YES_AGGRESSIVE;
				GCC_WARN_UNUSED_FUNCTION = YES;
				GCC_WARN_UNUSED_VARIABLE = YES;
				IPHONEOS_DEPLOYMENT_TARGET = 12.0;
				MTL_ENABLE_DEBUG_INFO = INCLUDE_SOURCE;
				MTL_FAST_MATH = YES;
				ONLY_ACTIVE_ARCH = YES;
				SDKROOT = iphoneos;
				SWIFT_ACTIVE_COMPILATION_CONDITIONS = DEBUG;
				SWIFT_OPTIMIZATION_LEVEL = "-Onone";
			};
			name = Debug;
		};
		A717E1EE21B93D7F00B16915 /* Release */ = {
			isa = XCBuildConfiguration;
			buildSettings = {
				ALWAYS_SEARCH_USER_PATHS = NO;
				CLANG_ANALYZER_NONNULL = YES;
				CLANG_ANALYZER_NUMBER_OBJECT_CONVERSION = YES_AGGRESSIVE;
				CLANG_CXX_LANGUAGE_STANDARD = "gnu++14";
				CLANG_CXX_LIBRARY = "libc++";
				CLANG_ENABLE_MODULES = YES;
				CLANG_ENABLE_OBJC_ARC = YES;
				CLANG_ENABLE_OBJC_WEAK = YES;
				CLANG_WARN_BLOCK_CAPTURE_AUTORELEASING = YES;
				CLANG_WARN_BOOL_CONVERSION = YES;
				CLANG_WARN_COMMA = YES;
				CLANG_WARN_CONSTANT_CONVERSION = YES;
				CLANG_WARN_DEPRECATED_OBJC_IMPLEMENTATIONS = YES;
				CLANG_WARN_DIRECT_OBJC_ISA_USAGE = YES_ERROR;
				CLANG_WARN_DOCUMENTATION_COMMENTS = YES;
				CLANG_WARN_EMPTY_BODY = YES;
				CLANG_WARN_ENUM_CONVERSION = YES;
				CLANG_WARN_INFINITE_RECURSION = YES;
				CLANG_WARN_INT_CONVERSION = YES;
				CLANG_WARN_NON_LITERAL_NULL_CONVERSION = YES;
				CLANG_WARN_OBJC_IMPLICIT_RETAIN_SELF = YES;
				CLANG_WARN_OBJC_LITERAL_CONVERSION = YES;
				CLANG_WARN_OBJC_ROOT_CLASS = YES_ERROR;
				CLANG_WARN_RANGE_LOOP_ANALYSIS = YES;
				CLANG_WARN_STRICT_PROTOTYPES = YES;
				CLANG_WARN_SUSPICIOUS_MOVE = YES;
				CLANG_WARN_UNGUARDED_AVAILABILITY = YES_AGGRESSIVE;
				CLANG_WARN_UNREACHABLE_CODE = YES;
				CLANG_WARN__DUPLICATE_METHOD_MATCH = YES;
				CODE_SIGN_IDENTITY = "iPhone Developer";
				COPY_PHASE_STRIP = NO;
				DEBUG_INFORMATION_FORMAT = "dwarf-with-dsym";
				ENABLE_NS_ASSERTIONS = NO;
				ENABLE_STRICT_OBJC_MSGSEND = YES;
				GCC_C_LANGUAGE_STANDARD = gnu11;
				GCC_NO_COMMON_BLOCKS = YES;
				GCC_WARN_64_TO_32_BIT_CONVERSION = YES;
				GCC_WARN_ABOUT_RETURN_TYPE = YES_ERROR;
				GCC_WARN_UNDECLARED_SELECTOR = YES;
				GCC_WARN_UNINITIALIZED_AUTOS = YES_AGGRESSIVE;
				GCC_WARN_UNUSED_FUNCTION = YES;
				GCC_WARN_UNUSED_VARIABLE = YES;
				IPHONEOS_DEPLOYMENT_TARGET = 12.0;
				MTL_ENABLE_DEBUG_INFO = NO;
				MTL_FAST_MATH = YES;
				SDKROOT = iphoneos;
				SWIFT_COMPILATION_MODE = wholemodule;
				SWIFT_OPTIMIZATION_LEVEL = "-O";
				VALIDATE_PRODUCT = YES;
			};
			name = Release;
		};
		A717E1F021B93D7F00B16915 /* Debug */ = {
			isa = XCBuildConfiguration;
			baseConfigurationReference = 2505CCCDB5C8D45A112CC92C /* Pods-Todoey.debug.xcconfig */;
			buildSettings = {
				ASSETCATALOG_COMPILER_APPICON_NAME = AppIcon;
				CODE_SIGN_STYLE = Automatic;
				INFOPLIST_FILE = Todoey/Info.plist;
				LD_RUNPATH_SEARCH_PATHS = (
					"$(inherited)",
					"@executable_path/Frameworks",
				);
				PRODUCT_BUNDLE_IDENTIFIER = com.peter.Todoey;
				PRODUCT_NAME = "$(TARGET_NAME)";
				SWIFT_VERSION = 4.2;
				TARGETED_DEVICE_FAMILY = "1,2";
			};
			name = Debug;
		};
		A717E1F121B93D7F00B16915 /* Release */ = {
			isa = XCBuildConfiguration;
			baseConfigurationReference = 59E81948633A102B3FD66C63 /* Pods-Todoey.release.xcconfig */;
			buildSettings = {
				ASSETCATALOG_COMPILER_APPICON_NAME = AppIcon;
				CODE_SIGN_STYLE = Automatic;
				INFOPLIST_FILE = Todoey/Info.plist;
				LD_RUNPATH_SEARCH_PATHS = (
					"$(inherited)",
					"@executable_path/Frameworks",
				);
				PRODUCT_BUNDLE_IDENTIFIER = com.peter.Todoey;
				PRODUCT_NAME = "$(TARGET_NAME)";
				SWIFT_VERSION = 4.2;
				TARGETED_DEVICE_FAMILY = "1,2";
			};
			name = Release;
		};
/* End XCBuildConfiguration section */

/* Begin XCConfigurationList section */
		A717E1D821B93D7A00B16915 /* Build configuration list for PBXProject "Todoey" */ = {
			isa = XCConfigurationList;
			buildConfigurations = (
				A717E1ED21B93D7F00B16915 /* Debug */,
				A717E1EE21B93D7F00B16915 /* Release */,
			);
			defaultConfigurationIsVisible = 0;
			defaultConfigurationName = Release;
		};
		A717E1EF21B93D7F00B16915 /* Build configuration list for PBXNativeTarget "Todoey" */ = {
			isa = XCConfigurationList;
			buildConfigurations = (
				A717E1F021B93D7F00B16915 /* Debug */,
				A717E1F121B93D7F00B16915 /* Release */,
			);
			defaultConfigurationIsVisible = 0;
			defaultConfigurationName = Release;
		};
/* End XCConfigurationList section */
	};
	rootObject = A717E1D521B93D7A00B16915 /* Project object */;
}
